
Microsoft Visual Studio Solution File, Format Version 12.00
# Visual Studio Version 16
VisualStudioVersion = 16.0.29728.190
MinimumVisualStudioVersion = 10.0.40219.1
Project("{FAE04EC0-301F-11D3-BF4B-00C04F79EFBC}") = "AtlasModTestForVS", "AtlasModTestForVS\AtlasModTestForVS.csproj", "{DE9C26C7-5938-4748-81EA-CC0EDF0A9DEB}"
EndProject
Global
	GlobalSection(SolutionConfigurationPlatforms) = preSolution
		Debug|Any CPU = Debug|Any CPU
		Release|Any CPU = Release|Any CPU
	EndGlobalSection
	GlobalSection(ProjectConfigurationPlatforms) = postSolution
		{DE9C26C7-5938-4748-81EA-CC0EDF0A9DEB}.Debug|Any CPU.ActiveCfg = Debug|Any CPU
		{DE9C26C7-5938-4748-81EA-CC0EDF0A9DEB}.Debug|Any CPU.Build.0 = Debug|Any CPU
		{DE9C26C7-5938-4748-81EA-CC0EDF0A9DEB}.Release|Any CPU.ActiveCfg = Release|Any CPU
		{DE9C26C7-5938-4748-81EA-CC0EDF0A9DEB}.Release|Any CPU.Build.0 = Release|Any CPU
	EndGlobalSection
	GlobalSection(SolutionProperties) = preSolution
		HideSolutionNode = FALSE
	EndGlobalSection
	GlobalSection(ExtensibilityGlobals) = postSolution
		SolutionGuid = {E0A7EBE1-A65F-4BD8-95F2-1AD460E6B5ED}
	EndGlobalSection
EndGlobal
